{
    "name": "@jbtm/jbt-node-red-contrib-example-lower-case",
    "version": "1.0.4-develop.0",
    "lockfileVersion": 3,
    "requires": true,
    "packages": {
        "": {
            "name": "@jbtm/jbt-node-red-contrib-example-lower-case",
            "version": "1.0.4-develop.0"
        }
    }
}
